
Microsoft Visual Studio Solution File, Format Version 12.00
# Visual Studio Version 16
VisualStudioVersion = 16.0.29709.97
MinimumVisualStudioVersion = 10.0.40219.1
Project("{FAE04EC0-301F-11D3-BF4B-00C04F79EFBC}") = "interrfacee", "interrfacee.csproj", "{845A51BB-0365-46D1-9067-A2B0757D7A2A}"
EndProject
Global
	GlobalSection(SolutionConfigurationPlatforms) = preSolution
		Debug|Any CPU = Debug|Any CPU
		Release|Any CPU = Release|Any CPU
	EndGlobalSection
	GlobalSection(ProjectConfigurationPlatforms) = postSolution
		{845A51BB-0365-46D1-9067-A2B0757D7A2A}.Debug|Any CPU.ActiveCfg = Debug|Any CPU
		{845A51BB-0365-46D1-9067-A2B0757D7A2A}.Debug|Any CPU.Build.0 = Debug|Any CPU
		{845A51BB-0365-46D1-9067-A2B0757D7A2A}.Release|Any CPU.ActiveCfg = Release|Any CPU
		{845A51BB-0365-46D1-9067-A2B0757D7A2A}.Release|Any CPU.Build.0 = Release|Any CPU
	EndGlobalSection
	GlobalSection(SolutionProperties) = preSolution
		HideSolutionNode = FALSE
	EndGlobalSection
	GlobalSection(ExtensibilityGlobals) = postSolution
		SolutionGuid = {218FCE7F-E512-42F8-8949-2F6BEEE025A7}
	EndGlobalSection
EndGlobal
